
Microsoft Visual Studio Solution File, Format Version 12.00
# Visual Studio Version 17
VisualStudioVersion = 17.9.34622.214
MinimumVisualStudioVersion = 10.0.40219.1
Project("{FAE04EC0-301F-11D3-BF4B-00C04F79EFBC}") = "UcakBiletRezervasyonSistemi", "UcakBiletRezervasyonSistemi\UcakBiletRezervasyonSistemi.csproj", "{404792DC-D2AD-4558-93BD-25976B360F48}"
EndProject
Global
	GlobalSection(SolutionConfigurationPlatforms) = preSolution
		Debug|Any CPU = Debug|Any CPU
		Release|Any CPU = Release|Any CPU
	EndGlobalSection
	GlobalSection(ProjectConfigurationPlatforms) = postSolution
		{404792DC-D2AD-4558-93BD-25976B360F48}.Debug|Any CPU.ActiveCfg = Debug|Any CPU
		{404792DC-D2AD-4558-93BD-25976B360F48}.Debug|Any CPU.Build.0 = Debug|Any CPU
		{404792DC-D2AD-4558-93BD-25976B360F48}.Release|Any CPU.ActiveCfg = Release|Any CPU
		{404792DC-D2AD-4558-93BD-25976B360F48}.Release|Any CPU.Build.0 = Release|Any CPU
	EndGlobalSection
	GlobalSection(SolutionProperties) = preSolution
		HideSolutionNode = FALSE
	EndGlobalSection
	GlobalSection(ExtensibilityGlobals) = postSolution
		SolutionGuid = {3F24BA12-BA43-458F-B47D-0958AE1E34CA}
	EndGlobalSection
EndGlobal
